
Microsoft Visual Studio Solution File, Format Version 11.00
# Visual Studio 2010
Project("{FAE04EC0-301F-11D3-BF4B-00C04F79EFBC}") = "Assembly-CSharp-firstpass", "Assembly-CSharp-firstpass.csproj", "{9630C7E5-AD6E-DAF5-E069-B53A8889D421}"
EndProject
Project("{FAE04EC0-301F-11D3-BF4B-00C04F79EFBC}") = "Assembly-CSharp", "Assembly-CSharp.csproj", "{D0429701-ECEC-5986-C3A6-3D10A8FDCC44}"
EndProject
Global
	GlobalSection(SolutionConfigurationPlatforms) = preSolution
		Debug|Any CPU = Debug|Any CPU
		Release|Any CPU = Release|Any CPU
	EndGlobalSection
	GlobalSection(ProjectConfigurationPlatforms) = postSolution
		{9630C7E5-AD6E-DAF5-E069-B53A8889D421}.Debug|Any CPU.ActiveCfg = Debug|Any CPU
		{9630C7E5-AD6E-DAF5-E069-B53A8889D421}.Debug|Any CPU.Build.0 = Debug|Any CPU
		{9630C7E5-AD6E-DAF5-E069-B53A8889D421}.Release|Any CPU.ActiveCfg = Release|Any CPU
		{9630C7E5-AD6E-DAF5-E069-B53A8889D421}.Release|Any CPU.Build.0 = Release|Any CPU
		{D0429701-ECEC-5986-C3A6-3D10A8FDCC44}.Debug|Any CPU.ActiveCfg = Debug|Any CPU
		{D0429701-ECEC-5986-C3A6-3D10A8FDCC44}.Debug|Any CPU.Build.0 = Debug|Any CPU
		{D0429701-ECEC-5986-C3A6-3D10A8FDCC44}.Release|Any CPU.ActiveCfg = Release|Any CPU
		{D0429701-ECEC-5986-C3A6-3D10A8FDCC44}.Release|Any CPU.Build.0 = Release|Any CPU
	EndGlobalSection
	GlobalSection(SolutionProperties) = preSolution
		HideSolutionNode = FALSE
	EndGlobalSection
EndGlobal
